
Microsoft Visual Studio Solution File, Format Version 12.00
# Visual Studio 14
VisualStudioVersion = 14.0.25123.0
MinimumVisualStudioVersion = 10.0.40219.1
Project("{888888A0-9F3D-457C-B088-3A5042F75D52}") = "PubSub_Server", "Python_Redis_PubSub\PubSub_Server.pyproj", "{1031F94E-F211-4AF0-8E1C-47D35312198A}"
EndProject
Project("{888888A0-9F3D-457C-B088-3A5042F75D52}") = "PubSub_Client", "PubSub_Client\PubSub_Client.pyproj", "{FDD209D7-CD3D-4147-B634-17E63C296FF1}"
EndProject
Global
	GlobalSection(SolutionConfigurationPlatforms) = preSolution
		Debug|Any CPU = Debug|Any CPU
		Release|Any CPU = Release|Any CPU
	EndGlobalSection
	GlobalSection(ProjectConfigurationPlatforms) = postSolution
		{1031F94E-F211-4AF0-8E1C-47D35312198A}.Debug|Any CPU.ActiveCfg = Debug|Any CPU
		{1031F94E-F211-4AF0-8E1C-47D35312198A}.Release|Any CPU.ActiveCfg = Release|Any CPU
		{FDD209D7-CD3D-4147-B634-17E63C296FF1}.Debug|Any CPU.ActiveCfg = Debug|Any CPU
		{FDD209D7-CD3D-4147-B634-17E63C296FF1}.Debug|Any CPU.Build.0 = Debug|Any CPU
		{FDD209D7-CD3D-4147-B634-17E63C296FF1}.Release|Any CPU.ActiveCfg = Release|Any CPU
		{FDD209D7-CD3D-4147-B634-17E63C296FF1}.Release|Any CPU.Build.0 = Release|Any CPU
	EndGlobalSection
	GlobalSection(SolutionProperties) = preSolution
		HideSolutionNode = FALSE
	EndGlobalSection
EndGlobal
